
Microsoft Visual Studio Solution File, Format Version 12.00
# Visual Studio 14
VisualStudioVersion = 14.0.25420.1
MinimumVisualStudioVersion = 10.0.40219.1
Project("{FAE04EC0-301F-11D3-BF4B-00C04F79EFBC}") = "01. Centuries to Minutes", "01. Centuries to Minutes\01. Centuries to Minutes.csproj", "{24051AA4-BF3B-4386-93A5-DD914EA17674}"
EndProject
Project("{FAE04EC0-301F-11D3-BF4B-00C04F79EFBC}") = "02. Circle Area", "02. Circle Area\02. Circle Area.csproj", "{4443B4ED-9840-48D8-A023-A499D6C9DE1C}"
EndProject
Project("{FAE04EC0-301F-11D3-BF4B-00C04F79EFBC}") = "03. Exact Sum of Real Numbers", "03. Exact Sum of Real Numbers\03. Exact Sum of Real Numbers.csproj", "{F3B831BF-FDBA-4E5D-A63B-32AF9DC1CD13}"
EndProject
Project("{FAE04EC0-301F-11D3-BF4B-00C04F79EFBC}") = "04. Elevator", "04. Elevator\04. Elevator.csproj", "{69C9763C-A9AA-4854-9EEB-6D7BE06D0F46}"
EndProject
Project("{FAE04EC0-301F-11D3-BF4B-00C04F79EFBC}") = "05. Special Numbers", "05. Special Numbers\05. Special Numbers.csproj", "{B975E5F1-8601-4353-9D04-908BFEB13C55}"
EndProject
Global
	GlobalSection(SolutionConfigurationPlatforms) = preSolution
		Debug|Any CPU = Debug|Any CPU
		Release|Any CPU = Release|Any CPU
	EndGlobalSection
	GlobalSection(ProjectConfigurationPlatforms) = postSolution
		{24051AA4-BF3B-4386-93A5-DD914EA17674}.Debug|Any CPU.ActiveCfg = Debug|Any CPU
		{24051AA4-BF3B-4386-93A5-DD914EA17674}.Debug|Any CPU.Build.0 = Debug|Any CPU
		{24051AA4-BF3B-4386-93A5-DD914EA17674}.Release|Any CPU.ActiveCfg = Release|Any CPU
		{24051AA4-BF3B-4386-93A5-DD914EA17674}.Release|Any CPU.Build.0 = Release|Any CPU
		{4443B4ED-9840-48D8-A023-A499D6C9DE1C}.Debug|Any CPU.ActiveCfg = Debug|Any CPU
		{4443B4ED-9840-48D8-A023-A499D6C9DE1C}.Debug|Any CPU.Build.0 = Debug|Any CPU
		{4443B4ED-9840-48D8-A023-A499D6C9DE1C}.Release|Any CPU.ActiveCfg = Release|Any CPU
		{4443B4ED-9840-48D8-A023-A499D6C9DE1C}.Release|Any CPU.Build.0 = Release|Any CPU
		{F3B831BF-FDBA-4E5D-A63B-32AF9DC1CD13}.Debug|Any CPU.ActiveCfg = Debug|Any CPU
		{F3B831BF-FDBA-4E5D-A63B-32AF9DC1CD13}.Debug|Any CPU.Build.0 = Debug|Any CPU
		{F3B831BF-FDBA-4E5D-A63B-32AF9DC1CD13}.Release|Any CPU.ActiveCfg = Release|Any CPU
		{F3B831BF-FDBA-4E5D-A63B-32AF9DC1CD13}.Release|Any CPU.Build.0 = Release|Any CPU
		{69C9763C-A9AA-4854-9EEB-6D7BE06D0F46}.Debug|Any CPU.ActiveCfg = Debug|Any CPU
		{69C9763C-A9AA-4854-9EEB-6D7BE06D0F46}.Debug|Any CPU.Build.0 = Debug|Any CPU
		{69C9763C-A9AA-4854-9EEB-6D7BE06D0F46}.Release|Any CPU.ActiveCfg = Release|Any CPU
		{69C9763C-A9AA-4854-9EEB-6D7BE06D0F46}.Release|Any CPU.Build.0 = Release|Any CPU
		{B975E5F1-8601-4353-9D04-908BFEB13C55}.Debug|Any CPU.ActiveCfg = Debug|Any CPU
		{B975E5F1-8601-4353-9D04-908BFEB13C55}.Debug|Any CPU.Build.0 = Debug|Any CPU
		{B975E5F1-8601-4353-9D04-908BFEB13C55}.Release|Any CPU.ActiveCfg = Release|Any CPU
		{B975E5F1-8601-4353-9D04-908BFEB13C55}.Release|Any CPU.Build.0 = Release|Any CPU
	EndGlobalSection
	GlobalSection(SolutionProperties) = preSolution
		HideSolutionNode = FALSE
	EndGlobalSection
EndGlobal
